// !$*UTF8*$!
{
	archiveVersion = 1;
	classes = {
	};
	objectVersion = 46;
	objects = {

/* Begin PBXBuildFile section */
		0BC43D9A6B79510B18A3E2E3 /* Pods_TestApplicationUITests.framework in Frameworks */ = {isa = PBXBuildFile; fileRef = D1E12FAAA8DA6485DBA86BCA /* Pods_TestApplicationUITests.framework */; };
		8DB56332144285912DB3D6D0 /* Pods_TestApplication.framework in Frameworks */ = {isa = PBXBuildFile; fileRef = 1A4700126C2E46C51F647E50 /* Pods_TestApplication.framework */; };
		964B26AA141C2603B4F104EF /* Pods_TestApplicationTests.framework in Frameworks */ = {isa = PBXBuildFile; fileRef = BFB47FDC5119164C710AD349 /* Pods_TestApplicationTests.framework */; };
		D30370EB1EF77B2F00A0B518 /* AppDelegate.swift in Sources */ = {isa = PBXBuildFile; fileRef = D30370EA1EF77B2F00A0B518 /* AppDelegate.swift */; };
		D30370ED1EF77B2F00A0B518 /* ViewController.swift in Sources */ = {isa = PBXBuildFile; fileRef = D30370EC1EF77B2F00A0B518 /* ViewController.swift */; };
		D30370F01EF77B2F00A0B518 /* Main.storyboard in Resources */ = {isa = PBXBuildFile; fileRef = D30370EE1EF77B2F00A0B518 /* Main.storyboard */; };
		D30370F21EF77B2F00A0B518 /* Assets.xcassets in Resources */ = {isa = PBXBuildFile; fileRef = D30370F11EF77B2F00A0B518 /* Assets.xcassets */; };
		D30370F51EF77B2F00A0B518 /* LaunchScreen.storyboard in Resources */ = {isa = PBXBuildFile; fileRef = D30370F31EF77B2F00A0B518 /* LaunchScreen.storyboard */; };
		D30371001EF77B2F00A0B518 /* TestApplicationTests.swift in Sources */ = {isa = PBXBuildFile; fileRef = D30370FF1EF77B2F00A0B518 /* TestApplicationTests.swift */; };
		D303710B1EF77B2F00A0B518 /* TestApplicationUITests.swift in Sources */ = {isa = PBXBuildFile; fileRef = D303710A1EF77B2F00A0B518 /* TestApplicationUITests.swift */; };
/* End PBXBuildFile section */

/* Begin PBXContainerItemProxy section */
		D30370FC1EF77B2F00A0B518 /* PBXContainerItemProxy */ = {
			isa = PBXContainerItemProxy;
			containerPortal = D30370DF1EF77B2F00A0B518 /* Project object */;
			proxyType = 1;
			remoteGlobalIDString = D30370E61EF77B2F00A0B518;
			remoteInfo = TestApplication;
		};
		D30371071EF77B2F00A0B518 /* PBXContainerItemProxy */ = {
			isa = PBXContainerItemProxy;
			containerPortal = D30370DF1EF77B2F00A0B518 /* Project object */;
			proxyType = 1;
			remoteGlobalIDString = D30370E61EF77B2F00A0B518;
			remoteInfo = TestApplication;
		};
/* End PBXContainerItemProxy section */

/* Begin PBXFileReference section */
		1A4700126C2E46C51F647E50 /* Pods_TestApplication.framework */ = {isa = PBXFileReference; explicitFileType = wrapper.framework; includeInIndex = 0; path = Pods_TestApplication.framework; sourceTree = BUILT_PRODUCTS_DIR; };
		1D2D984CFA435253D7C90DA2 /* Pods-TestApplication.release.xcconfig */ = {isa = PBXFileReference; includeInIndex = 1; lastKnownFileType = text.xcconfig; name = "Pods-TestApplication.release.xcconfig"; path = "Pods/Target Support Files/Pods-TestApplication/Pods-TestApplication.release.xcconfig"; sourceTree = "<group>"; };
		28EDCAC8E4F3E97C7E78B70E /* Pods-TestApplicationTests.release.xcconfig */ = {isa = PBXFileReference; includeInIndex = 1; lastKnownFileType = text.xcconfig; name = "Pods-TestApplicationTests.release.xcconfig"; path = "Pods/Target Support Files/Pods-TestApplicationTests/Pods-TestApplicationTests.release.xcconfig"; sourceTree = "<group>"; };
		351B80D7F219B8D0495BA756 /* Pods-TestApplicationUITests.debug.xcconfig */ = {isa = PBXFileReference; includeInIndex = 1; lastKnownFileType = text.xcconfig; name = "Pods-TestApplicationUITests.debug.xcconfig"; path = "Pods/Target Support Files/Pods-TestApplicationUITests/Pods-TestApplicationUITests.debug.xcconfig"; sourceTree = "<group>"; };
		779D2ED7648DF6EA5CDC8B39 /* Pods-TestApplicationUITests.release.xcconfig */ = {isa = PBXFileReference; includeInIndex = 1; lastKnownFileType = text.xcconfig; name = "Pods-TestApplicationUITests.release.xcconfig"; path = "Pods/Target Support Files/Pods-TestApplicationUITests/Pods-TestApplicationUITests.release.xcconfig"; sourceTree = "<group>"; };
		7B2FB6F4CEE3309AFFD19004 /* Pods-TestApplicationTests.debug.xcconfig */ = {isa = PBXFileReference; includeInIndex = 1; lastKnownFileType = text.xcconfig; name = "Pods-TestApplicationTests.debug.xcconfig"; path = "Pods/Target Support Files/Pods-TestApplicationTests/Pods-TestApplicationTests.debug.xcconfig"; sourceTree = "<group>"; };
		BFB47FDC5119164C710AD349 /* Pods_TestApplicationTests.framework */ = {isa = PBXFileReference; explicitFileType = wrapper.framework; includeInIndex = 0; path = Pods_TestApplicationTests.framework; sourceTree = BUILT_PRODUCTS_DIR; };
		D1E12FAAA8DA6485DBA86BCA /* Pods_TestApplicationUITests.framework */ = {isa = PBXFileReference; explicitFileType = wrapper.framework; includeInIndex = 0; path = Pods_TestApplicationUITests.framework; sourceTree = BUILT_PRODUCTS_DIR; };
		D30370E71EF77B2F00A0B518 /* TestApplication.app */ = {isa = PBXFileReference; explicitFileType = wrapper.application; includeInIndex = 0; path = TestApplication.app; sourceTree = BUILT_PRODUCTS_DIR; };
		D30370EA1EF77B2F00A0B518 /* AppDelegate.swift */ = {isa = PBXFileReference; lastKnownFileType = sourcecode.swift; path = AppDelegate.swift; sourceTree = "<group>"; };
		D30370EC1EF77B2F00A0B518 /* ViewController.swift */ = {isa = PBXFileReference; lastKnownFileType = sourcecode.swift; path = ViewController.swift; sourceTree = "<group>"; };
		D30370EF1EF77B2F00A0B518 /* Base */ = {isa = PBXFileReference; lastKnownFileType = file.storyboard; name = Base; path = Base.lproj/Main.storyboard; sourceTree = "<group>"; };
		D30370F11EF77B2F00A0B518 /* Assets.xcassets */ = {isa = PBXFileReference; lastKnownFileType = folder.assetcatalog; path = Assets.xcassets; sourceTree = "<group>"; };
		D30370F41EF77B2F00A0B518 /* Base */ = {isa = PBXFileReference; lastKnownFileType = file.storyboard; name = Base; path = Base.lproj/LaunchScreen.storyboard; sourceTree = "<group>"; };
		D30370F61EF77B2F00A0B518 /* Info.plist */ = {isa = PBXFileReference; lastKnownFileType = text.plist.xml; path = Info.plist; sourceTree = "<group>"; };
		D30370FB1EF77B2F00A0B518 /* TestApplicationTests.xctest */ = {isa = PBXFileReference; explicitFileType = wrapper.cfbundle; includeInIndex = 0; path = TestApplicationTests.xctest; sourceTree = BUILT_PRODUCTS_DIR; };
		D30370FF1EF77B2F00A0B518 /* TestApplicationTests.swift */ = {isa = PBXFileReference; lastKnownFileType = sourcecode.swift; path = TestApplicationTests.swift; sourceTree = "<group>"; };
		D30371011EF77B2F00A0B518 /* Info.plist */ = {isa = PBXFileReference; lastKnownFileType = text.plist.xml; path = Info.plist; sourceTree = "<group>"; };
		D30371061EF77B2F00A0B518 /* TestApplicationUITests.xctest */ = {isa = PBXFileReference; explicitFileType = wrapper.cfbundle; includeInIndex = 0; path = TestApplicationUITests.xctest; sourceTree = BUILT_PRODUCTS_DIR; };
		D303710A1EF77B2F00A0B518 /* TestApplicationUITests.swift */ = {isa = PBXFileReference; lastKnownFileType = sourcecode.swift; path = TestApplicationUITests.swift; sourceTree = "<group>"; };
		D303710C1EF77B2F00A0B518 /* Info.plist */ = {isa = PBXFileReference; lastKnownFileType = text.plist.xml; path = Info.plist; sourceTree = "<group>"; };
		FE2DDAC8D3C4CA0A1BBF2DF6 /* Pods-TestApplication.debug.xcconfig */ = {isa = PBXFileReference; includeInIndex = 1; lastKnownFileType = text.xcconfig; name = "Pods-TestApplication.debug.xcconfig"; path = "Pods/Target Support Files/Pods-TestApplication/Pods-TestApplication.debug.xcconfig"; sourceTree = "<group>"; };
/* End PBXFileReference section */

/* Begin PBXFrameworksBuildPhase section */
		D30370E41EF77B2F00A0B518 /* Frameworks */ = {
			isa = PBXFrameworksBuildPhase;
			buildActionMask = 2147483647;
			files = (
				8DB56332144285912DB3D6D0 /* Pods_TestApplication.framework in Frameworks */,
			);
			runOnlyForDeploymentPostprocessing = 0;
		};
		D30370F81EF77B2F00A0B518 /* Frameworks */ = {
			isa = PBXFrameworksBuildPhase;
			buildActionMask = 2147483647;
			files = (
				964B26AA141C2603B4F104EF /* Pods_TestApplicationTests.framework in Frameworks */,
			);
			runOnlyForDeploymentPostprocessing = 0;
		};
		D30371031EF77B2F00A0B518 /* Frameworks */ = {
			isa = PBXFrameworksBuildPhase;
			buildActionMask = 2147483647;
			files = (
				0BC43D9A6B79510B18A3E2E3 /* Pods_TestApplicationUITests.framework in Frameworks */,
			);
			runOnlyForDeploymentPostprocessing = 0;
		};
/* End PBXFrameworksBuildPhase section */

/* Begin PBXGroup section */
		8CE929C012C06C68DE712C89 /* Pods */ = {
			isa = PBXGroup;
			children = (
				FE2DDAC8D3C4CA0A1BBF2DF6 /* Pods-TestApplication.debug.xcconfig */,
				1D2D984CFA435253D7C90DA2 /* Pods-TestApplication.release.xcconfig */,
				7B2FB6F4CEE3309AFFD19004 /* Pods-TestApplicationTests.debug.xcconfig */,
				28EDCAC8E4F3E97C7E78B70E /* Pods-TestApplicationTests.release.xcconfig */,
				351B80D7F219B8D0495BA756 /* Pods-TestApplicationUITests.debug.xcconfig */,
				779D2ED7648DF6EA5CDC8B39 /* Pods-TestApplicationUITests.release.xcconfig */,
			);
			name = Pods;
			sourceTree = "<group>";
		};
		CE6BEC3500A96768F6329618 /* Frameworks */ = {
			isa = PBXGroup;
			children = (
				1A4700126C2E46C51F647E50 /* Pods_TestApplication.framework */,
				BFB47FDC5119164C710AD349 /* Pods_TestApplicationTests.framework */,
				D1E12FAAA8DA6485DBA86BCA /* Pods_TestApplicationUITests.framework */,
			);
			name = Frameworks;
			sourceTree = "<group>";
		};
		D30370DE1EF77B2F00A0B518 = {
			isa = PBXGroup;
			children = (
				D30370E91EF77B2F00A0B518 /* TestApplication */,
				D30370FE1EF77B2F00A0B518 /* TestApplicationTests */,
				D30371091EF77B2F00A0B518 /* TestApplicationUITests */,
				D30370E81EF77B2F00A0B518 /* Products */,
				8CE929C012C06C68DE712C89 /* Pods */,
				CE6BEC3500A96768F6329618 /* Frameworks */,
			);
			sourceTree = "<group>";
		};
		D30370E81EF77B2F00A0B518 /* Products */ = {
			isa = PBXGroup;
			children = (
				D30370E71EF77B2F00A0B518 /* TestApplication.app */,
				D30370FB1EF77B2F00A0B518 /* TestApplicationTests.xctest */,
				D30371061EF77B2F00A0B518 /* TestApplicationUITests.xctest */,
			);
			name = Products;
			sourceTree = "<group>";
		};
		D30370E91EF77B2F00A0B518 /* TestApplication */ = {
			isa = PBXGroup;
			children = (
				D30370EA1EF77B2F00A0B518 /* AppDelegate.swift */,
				D30370EC1EF77B2F00A0B518 /* ViewController.swift */,
				D30370EE1EF77B2F00A0B518 /* Main.storyboard */,
				D30370F11EF77B2F00A0B518 /* Assets.xcassets */,
				D30370F31EF77B2F00A0B518 /* LaunchScreen.storyboard */,
				D30370F61EF77B2F00A0B518 /* Info.plist */,
			);
			path = TestApplication;
			sourceTree = "<group>";
		};
		D30370FE1EF77B2F00A0B518 /* TestApplicationTests */ = {
			isa = PBXGroup;
			children = (
				D30370FF1EF77B2F00A0B518 /* TestApplicationTests.swift */,
				D30371011EF77B2F00A0B518 /* Info.plist */,
			);
			path = TestApplicationTests;
			sourceTree = "<group>";
		};
		D30371091EF77B2F00A0B518 /* TestApplicationUITests */ = {
			isa = PBXGroup;
			children = (
				D303710A1EF77B2F00A0B518 /* TestApplicationUITests.swift */,
				D303710C1EF77B2F00A0B518 /* Info.plist */,
			);
			path = TestApplicationUITests;
			sourceTree = "<group>";
		};
/* End PBXGroup section */

/* Begin PBXNativeTarget section */
		D30370E61EF77B2F00A0B518 /* TestApplication */ = {
			isa = PBXNativeTarget;
			buildConfigurationList = D303710F1EF77B2F00A0B518 /* Build configuration list for PBXNativeTarget "TestApplication" */;
			buildPhases = (
				A57450C6229F3BD7CBEABE1B /* [CP] Check Pods Manifest.lock */,
				D30370E31EF77B2F00A0B518 /* Sources */,
				D30370E41EF77B2F00A0B518 /* Frameworks */,
				D30370E51EF77B2F00A0B518 /* Resources */,
				9E6393806FE8B281B53E6F7F /* [CP] Embed Pods Frameworks */,
				5462168B9FAA830F5E5BFEDF /* [CP] Copy Pods Resources */,
			);
			buildRules = (
			);
			dependencies = (
			);
			name = TestApplication;
			productName = TestApplication;
			productReference = D30370E71EF77B2F00A0B518 /* TestApplication.app */;
			productType = "com.apple.product-type.application";
		};
		D30370FA1EF77B2F00A0B518 /* TestApplicationTests */ = {
			isa = PBXNativeTarget;
			buildConfigurationList = D30371121EF77B2F00A0B518 /* Build configuration list for PBXNativeTarget "TestApplicationTests" */;
			buildPhases = (
				8D234009FA9B6B2875FF27A7 /* [CP] Check Pods Manifest.lock */,
				D30370F71EF77B2F00A0B518 /* Sources */,
				D30370F81EF77B2F00A0B518 /* Frameworks */,
				D30370F91EF77B2F00A0B518 /* Resources */,
				C7F54479EDC35BD12CF92485 /* [CP] Embed Pods Frameworks */,
				0EFCDA8B012118D68EA4AC37 /* [CP] Copy Pods Resources */,
			);
			buildRules = (
			);
			dependencies = (
				D30370FD1EF77B2F00A0B518 /* PBXTargetDependency */,
			);
			name = TestApplicationTests;
			productName = TestApplicationTests;
			productReference = D30370FB1EF77B2F00A0B518 /* TestApplicationTests.xctest */;
			productType = "com.apple.product-type.bundle.unit-test";
		};
		D30371051EF77B2F00A0B518 /* TestApplicationUITests */ = {
			isa = PBXNativeTarget;
			buildConfigurationList = D30371151EF77B2F00A0B518 /* Build configuration list for PBXNativeTarget "TestApplicationUITests" */;
			buildPhases = (
				8456F4667700D4A57E0A6D20 /* [CP] Check Pods Manifest.lock */,
				D30371021EF77B2F00A0B518 /* Sources */,
				D30371031EF77B2F00A0B518 /* Frameworks */,
				D30371041EF77B2F00A0B518 /* Resources */,
				DDB524E2DF1C442EF246D305 /* [CP] Embed Pods Frameworks */,
				AE9130BC9E3C9246AD61B1C5 /* [CP] Copy Pods Resources */,
			);
			buildRules = (
			);
			dependencies = (
				D30371081EF77B2F00A0B518 /* PBXTargetDependency */,
			);
			name = TestApplicationUITests;
			productName = TestApplicationUITests;
			productReference = D30371061EF77B2F00A0B518 /* TestApplicationUITests.xctest */;
			productType = "com.apple.product-type.bundle.ui-testing";
		};
/* End PBXNativeTarget section */

/* Begin PBXProject section */
		D30370DF1EF77B2F00A0B518 /* Project object */ = {
			isa = PBXProject;
			attributes = {
				LastSwiftUpdateCheck = 0830;
				LastUpgradeCheck = 0830;
				ORGANIZATIONNAME = Holmusk;
				TargetAttributes = {
					D30370E61EF77B2F00A0B518 = {
						CreatedOnToolsVersion = 8.3.2;
						DevelopmentTeam = 785WJQ47KY;
						ProvisioningStyle = Automatic;
					};
					D30370FA1EF77B2F00A0B518 = {
						CreatedOnToolsVersion = 8.3.2;
						DevelopmentTeam = 785WJQ47KY;
						ProvisioningStyle = Automatic;
						TestTargetID = D30370E61EF77B2F00A0B518;
					};
					D30371051EF77B2F00A0B518 = {
						CreatedOnToolsVersion = 8.3.2;
						DevelopmentTeam = 785WJQ47KY;
						ProvisioningStyle = Automatic;
						TestTargetID = D30370E61EF77B2F00A0B518;
					};
				};
			};
			buildConfigurationList = D30370E21EF77B2F00A0B518 /* Build configuration list for PBXProject "TestApplication" */;
			compatibilityVersion = "Xcode 3.2";
			developmentRegion = English;
			hasScannedForEncodings = 0;
			knownRegions = (
				en,
				Base,
			);
			mainGroup = D30370DE1EF77B2F00A0B518;
			productRefGroup = D30370E81EF77B2F00A0B518 /* Products */;
			projectDirPath = "";
			projectRoot = "";
			targets = (
				D30370E61EF77B2F00A0B518 /* TestApplication */,
				D30370FA1EF77B2F00A0B518 /* TestApplicationTests */,
				D30371051EF77B2F00A0B518 /* TestApplicationUITests */,
			);
		};
/* End PBXProject section */

/* Begin PBXResourcesBuildPhase section */
		D30370E51EF77B2F00A0B518 /* Resources */ = {
			isa = PBXResourcesBuildPhase;
			buildActionMask = 2147483647;
			files = (
				D30370F51EF77B2F00A0B518 /* LaunchScreen.storyboard in Resources */,
				D30370F21EF77B2F00A0B518 /* Assets.xcassets in Resources */,
				D30370F01EF77B2F00A0B518 /* Main.storyboard in Resources */,
			);
			runOnlyForDeploymentPostprocessing = 0;
		};
		D30370F91EF77B2F00A0B518 /* Resources */ = {
			isa = PBXResourcesBuildPhase;
			buildActionMask = 2147483647;
			files = (
			);
			runOnlyForDeploymentPostprocessing = 0;
		};
		D30371041EF77B2F00A0B518 /* Resources */ = {
			isa = PBXResourcesBuildPhase;
			buildActionMask = 2147483647;
			files = (
			);
			runOnlyForDeploymentPostprocessing = 0;
		};
/* End PBXResourcesBuildPhase section */

/* Begin PBXShellScriptBuildPhase section */
		0EFCDA8B012118D68EA4AC37 /* [CP] Copy Pods Resources */ = {
			isa = PBXShellScriptBuildPhase;
			buildActionMask = 2147483647;
			files = (
			);
			inputPaths = (
			);
			name = "[CP] Copy Pods Resources";
			outputPaths = (
			);
			runOnlyForDeploymentPostprocessing = 0;
			shellPath = /bin/sh;
			shellScript = "\"${SRCROOT}/Pods/Target Support Files/Pods-TestApplicationTests/Pods-TestApplicationTests-resources.sh\"\n";
			showEnvVarsInLog = 0;
		};
		5462168B9FAA830F5E5BFEDF /* [CP] Copy Pods Resources */ = {
			isa = PBXShellScriptBuildPhase;
			buildActionMask = 2147483647;
			files = (
			);
			inputPaths = (
			);
			name = "[CP] Copy Pods Resources";
			outputPaths = (
			);
			runOnlyForDeploymentPostprocessing = 0;
			shellPath = /bin/sh;
			shellScript = "\"${SRCROOT}/Pods/Target Support Files/Pods-TestApplication/Pods-TestApplication-resources.sh\"\n";
			showEnvVarsInLog = 0;
		};
		8456F4667700D4A57E0A6D20 /* [CP] Check Pods Manifest.lock */ = {
			isa = PBXShellScriptBuildPhase;
			buildActionMask = 2147483647;
			files = (
			);
			inputPaths = (
			);
			name = "[CP] Check Pods Manifest.lock";
			outputPaths = (
			);
			runOnlyForDeploymentPostprocessing = 0;
			shellPath = /bin/sh;
			shellScript = "diff \"${PODS_PODFILE_DIR_PATH}/Podfile.lock\" \"${PODS_ROOT}/Manifest.lock\" > /dev/null\nif [ $? != 0 ] ; then\n    # print error to STDERR\n    echo \"error: The sandbox is not in sync with the Podfile.lock. Run 'pod install' or update your CocoaPods installation.\" >&2\n    exit 1\nfi\n";
			showEnvVarsInLog = 0;
		};
		8D234009FA9B6B2875FF27A7 /* [CP] Check Pods Manifest.lock */ = {
			isa = PBXShellScriptBuildPhase;
			buildActionMask = 2147483647;
			files = (
			);
			inputPaths = (
			);
			name = "[CP] Check Pods Manifest.lock";
			outputPaths = (
			);
			runOnlyForDeploymentPostprocessing = 0;
			shellPath = /bin/sh;
			shellScript = "diff \"${PODS_PODFILE_DIR_PATH}/Podfile.lock\" \"${PODS_ROOT}/Manifest.lock\" > /dev/null\nif [ $? != 0 ] ; then\n    # print error to STDERR\n    echo \"error: The sandbox is not in sync with the Podfile.lock. Run 'pod install' or update your CocoaPods installation.\" >&2\n    exit 1\nfi\n";
			showEnvVarsInLog = 0;
		};
		9E6393806FE8B281B53E6F7F /* [CP] Embed Pods Frameworks */ = {
			isa = PBXShellScriptBuildPhase;
			buildActionMask = 2147483647;
			files = (
			);
			inputPaths = (
			);
			name = "[CP] Embed Pods Frameworks";
			outputPaths = (
			);
			runOnlyForDeploymentPostprocessing = 0;
			shellPath = /bin/sh;
			shellScript = "\"${SRCROOT}/Pods/Target Support Files/Pods-TestApplication/Pods-TestApplication-frameworks.sh\"\n";
			showEnvVarsInLog = 0;
		};
		A57450C6229F3BD7CBEABE1B /* [CP] Check Pods Manifest.lock */ = {
			isa = PBXShellScriptBuildPhase;
			buildActionMask = 2147483647;
			files = (
			);
			inputPaths = (
			);
			name = "[CP] Check Pods Manifest.lock";
			outputPaths = (
			);
			runOnlyForDeploymentPostprocessing = 0;
			shellPath = /bin/sh;
			shellScript = "diff \"${PODS_PODFILE_DIR_PATH}/Podfile.lock\" \"${PODS_ROOT}/Manifest.lock\" > /dev/null\nif [ $? != 0 ] ; then\n    # print error to STDERR\n    echo \"error: The sandbox is not in sync with the Podfile.lock. Run 'pod install' or update your CocoaPods installation.\" >&2\n    exit 1\nfi\n";
			showEnvVarsInLog = 0;
		};
		AE9130BC9E3C9246AD61B1C5 /* [CP] Copy Pods Resources */ = {
			isa = PBXShellScriptBuildPhase;
			buildActionMask = 2147483647;
			files = (
			);
			inputPaths = (
			);
			name = "[CP] Copy Pods Resources";
			outputPaths = (
			);
			runOnlyForDeploymentPostprocessing = 0;
			shellPath = /bin/sh;
			shellScript = "\"${SRCROOT}/Pods/Target Support Files/Pods-TestApplicationUITests/Pods-TestApplicationUITests-resources.sh\"\n";
			showEnvVarsInLog = 0;
		};
		C7F54479EDC35BD12CF92485 /* [CP] Embed Pods Frameworks */ = {
			isa = PBXShellScriptBuildPhase;
			buildActionMask = 2147483647;
			files = (
			);
			inputPaths = (
			);
			name = "[CP] Embed Pods Frameworks";
			outputPaths = (
			);
			runOnlyForDeploymentPostprocessing = 0;
			shellPath = /bin/sh;
			shellScript = "\"${SRCROOT}/Pods/Target Support Files/Pods-TestApplicationTests/Pods-TestApplicationTests-frameworks.sh\"\n";
			showEnvVarsInLog = 0;
		};
		DDB524E2DF1C442EF246D305 /* [CP] Embed Pods Frameworks */ = {
			isa = PBXShellScriptBuildPhase;
			buildActionMask = 2147483647;
			files = (
			);
			inputPaths = (
			);
			name = "[CP] Embed Pods Frameworks";
			outputPaths = (
			);
			runOnlyForDeploymentPostprocessing = 0;
			shellPath = /bin/sh;
			shellScript = "\"${SRCROOT}/Pods/Target Support Files/Pods-TestApplicationUITests/Pods-TestApplicationUITests-frameworks.sh\"\n";
			showEnvVarsInLog = 0;
		};
/* End PBXShellScriptBuildPhase section */

/* Begin PBXSourcesBuildPhase section */
		D30370E31EF77B2F00A0B518 /* Sources */ = {
			isa = PBXSourcesBuildPhase;
			buildActionMask = 2147483647;
			files = (
				D30370ED1EF77B2F00A0B518 /* ViewController.swift in Sources */,
				D30370EB1EF77B2F00A0B518 /* AppDelegate.swift in Sources */,
			);
			runOnlyForDeploymentPostprocessing = 0;
		};
		D30370F71EF77B2F00A0B518 /* Sources */ = {
			isa = PBXSourcesBuildPhase;
			buildActionMask = 2147483647;
			files = (
				D30371001EF77B2F00A0B518 /* TestApplicationTests.swift in Sources */,
			);
			runOnlyForDeploymentPostprocessing = 0;
		};
		D30371021EF77B2F00A0B518 /* Sources */ = {
			isa = PBXSourcesBuildPhase;
			buildActionMask = 2147483647;
			files = (
				D303710B1EF77B2F00A0B518 /* TestApplicationUITests.swift in Sources */,
			);
			runOnlyForDeploymentPostprocessing = 0;
		};
/* End PBXSourcesBuildPhase section */

/* Begin PBXTargetDependency section */
		D30370FD1EF77B2F00A0B518 /* PBXTargetDependency */ = {
			isa = PBXTargetDependency;
			target = D30370E61EF77B2F00A0B518 /* TestApplication */;
			targetProxy = D30370FC1EF77B2F00A0B518 /* PBXContainerItemProxy */;
		};
		D30371081EF77B2F00A0B518 /* PBXTargetDependency */ = {
			isa = PBXTargetDependency;
			target = D30370E61EF77B2F00A0B518 /* TestApplication */;
			targetProxy = D30371071EF77B2F00A0B518 /* PBXContainerItemProxy */;
		};
/* End PBXTargetDependency section */

/* Begin PBXVariantGroup section */
		D30370EE1EF77B2F00A0B518 /* Main.storyboard */ = {
			isa = PBXVariantGroup;
			children = (
				D30370EF1EF77B2F00A0B518 /* Base */,
			);
			name = Main.storyboard;
			sourceTree = "<group>";
		};
		D30370F31EF77B2F00A0B518 /* LaunchScreen.storyboard */ = {
			isa = PBXVariantGroup;
			children = (
				D30370F41EF77B2F00A0B518 /* Base */,
			);
			name = LaunchScreen.storyboard;
			sourceTree = "<group>";
		};
/* End PBXVariantGroup section */

/* Begin XCBuildConfiguration section */
		D303710D1EF77B2F00A0B518 /* Debug */ = {
			isa = XCBuildConfiguration;
			buildSettings = {
				ALWAYS_SEARCH_USER_PATHS = NO;
				CLANG_ANALYZER_NONNULL = YES;
				CLANG_ANALYZER_NUMBER_OBJECT_CONVERSION = YES_AGGRESSIVE;
				CLANG_CXX_LANGUAGE_STANDARD = "gnu++0x";
				CLANG_CXX_LIBRARY = "libc++";
				CLANG_ENABLE_MODULES = YES;
				CLANG_ENABLE_OBJC_ARC = YES;
				CLANG_WARN_BOOL_CONVERSION = YES;
				CLANG_WARN_CONSTANT_CONVERSION = YES;
				CLANG_WARN_DIRECT_OBJC_ISA_USAGE = YES_ERROR;
				CLANG_WARN_DOCUMENTATION_COMMENTS = YES;
				CLANG_WARN_EMPTY_BODY = YES;
				CLANG_WARN_ENUM_CONVERSION = YES;
				CLANG_WARN_INFINITE_RECURSION = YES;
				CLANG_WARN_INT_CONVERSION = YES;
				CLANG_WARN_OBJC_ROOT_CLASS = YES_ERROR;
				CLANG_WARN_SUSPICIOUS_MOVE = YES;
				CLANG_WARN_UNREACHABLE_CODE = YES;
				CLANG_WARN__DUPLICATE_METHOD_MATCH = YES;
				"CODE_SIGN_IDENTITY[sdk=iphoneos*]" = "iPhone Developer";
				COPY_PHASE_STRIP = NO;
				DEBUG_INFORMATION_FORMAT = dwarf;
				ENABLE_STRICT_OBJC_MSGSEND = YES;
				ENABLE_TESTABILITY = YES;
				GCC_C_LANGUAGE_STANDARD = gnu99;
				GCC_DYNAMIC_NO_PIC = NO;
				GCC_NO_COMMON_BLOCKS = YES;
				GCC_OPTIMIZATION_LEVEL = 0;
				GCC_PREPROCESSOR_DEFINITIONS = (
					"DEBUG=1",
					"$(inherited)",
				);
				GCC_WARN_64_TO_32_BIT_CONVERSION = YES;
				GCC_WARN_ABOUT_RETURN_TYPE = YES_ERROR;
				GCC_WARN_UNDECLARED_SELECTOR = YES;
				GCC_WARN_UNINITIALIZED_AUTOS = YES_AGGRESSIVE;
				GCC_WARN_UNUSED_FUNCTION = YES;
				GCC_WARN_UNUSED_VARIABLE = YES;
				IPHONEOS_DEPLOYMENT_TARGET = 10.3;
				MTL_ENABLE_DEBUG_INFO = YES;
				ONLY_ACTIVE_ARCH = YES;
				SDKROOT = iphoneos;
				SWIFT_ACTIVE_COMPILATION_CONDITIONS = DEBUG;
				SWIFT_OPTIMIZATION_LEVEL = "-Onone";
				TARGETED_DEVICE_FAMILY = "1,2";
			};
			name = Debug;
		};
		D303710E1EF77B2F00A0B518 /* Release */ = {
			isa = XCBuildConfiguration;
			buildSettings = {
				ALWAYS_SEARCH_USER_PATHS = NO;
				CLANG_ANALYZER_NONNULL = YES;
				CLANG_ANALYZER_NUMBER_OBJECT_CONVERSION = YES_AGGRESSIVE;
				CLANG_CXX_LANGUAGE_STANDARD = "gnu++0x";
				CLANG_CXX_LIBRARY = "libc++";
				CLANG_ENABLE_MODULES = YES;
				CLANG_ENABLE_OBJC_ARC = YES;
				CLANG_WARN_BOOL_CONVERSION = YES;
				CLANG_WARN_CONSTANT_CONVERSION = YES;
				CLANG_WARN_DIRECT_OBJC_ISA_USAGE = YES_ERROR;
				CLANG_WARN_DOCUMENTATION_COMMENTS = YES;
				CLANG_WARN_EMPTY_BODY = YES;
				CLANG_WARN_ENUM_CONVERSION = YES;
				CLANG_WARN_INFINITE_RECURSION = YES;
				CLANG_WARN_INT_CONVERSION = YES;
				CLANG_WARN_OBJC_ROOT_CLASS = YES_ERROR;
				CLANG_WARN_SUSPICIOUS_MOVE = YES;
				CLANG_WARN_UNREACHABLE_CODE = YES;
				CLANG_WARN__DUPLICATE_METHOD_MATCH = YES;
				"CODE_SIGN_IDENTITY[sdk=iphoneos*]" = "iPhone Developer";
				COPY_PHASE_STRIP = NO;
				DEBUG_INFORMATION_FORMAT = "dwarf-with-dsym";
				ENABLE_NS_ASSERTIONS = NO;
				ENABLE_STRICT_OBJC_MSGSEND = YES;
				GCC_C_LANGUAGE_STANDARD = gnu99;
				GCC_NO_COMMON_BLOCKS = YES;
				GCC_WARN_64_TO_32_BIT_CONVERSION = YES;
				GCC_WARN_ABOUT_RETURN_TYPE = YES_ERROR;
				GCC_WARN_UNDECLARED_SELECTOR = YES;
				GCC_WARN_UNINITIALIZED_AUTOS = YES_AGGRESSIVE;
				GCC_WARN_UNUSED_FUNCTION = YES;
				GCC_WARN_UNUSED_VARIABLE = YES;
				IPHONEOS_DEPLOYMENT_TARGET = 10.3;
				MTL_ENABLE_DEBUG_INFO = NO;
				SDKROOT = iphoneos;
				SWIFT_OPTIMIZATION_LEVEL = "-Owholemodule";
				TARGETED_DEVICE_FAMILY = "1,2";
				VALIDATE_PRODUCT = YES;
			};
			name = Release;
		};
		D30371101EF77B2F00A0B518 /* Debug */ = {
			isa = XCBuildConfiguration;
			baseConfigurationReference = FE2DDAC8D3C4CA0A1BBF2DF6 /* Pods-TestApplication.debug.xcconfig */;
			buildSettings = {
				ASSETCATALOG_COMPILER_APPICON_NAME = AppIcon;
				DEVELOPMENT_TEAM = 785WJQ47KY;
				INFOPLIST_FILE = TestApplication/Info.plist;
				LD_RUNPATH_SEARCH_PATHS = "$(inherited) @executable_path/Frameworks";
				PRODUCT_BUNDLE_IDENTIFIER = com.holmusk.TestApplication;
				PRODUCT_NAME = "$(TARGET_NAME)";
				SWIFT_VERSION = 3.0;
			};
			name = Debug;
		};
		D30371111EF77B2F00A0B518 /* Release */ = {
			isa = XCBuildConfiguration;
			baseConfigurationReference = 1D2D984CFA435253D7C90DA2 /* Pods-TestApplication.release.xcconfig */;
			buildSettings = {
				ASSETCATALOG_COMPILER_APPICON_NAME = AppIcon;
				DEVELOPMENT_TEAM = 785WJQ47KY;
				INFOPLIST_FILE = TestApplication/Info.plist;
				LD_RUNPATH_SEARCH_PATHS = "$(inherited) @executable_path/Frameworks";
				PRODUCT_BUNDLE_IDENTIFIER = com.holmusk.TestApplication;
				PRODUCT_NAME = "$(TARGET_NAME)";
				SWIFT_VERSION = 3.0;
			};
			name = Release;
		};
		D30371131EF77B2F00A0B518 /* Debug */ = {
			isa = XCBuildConfiguration;
			baseConfigurationReference = 7B2FB6F4CEE3309AFFD19004 /* Pods-TestApplicationTests.debug.xcconfig */;
			buildSettings = {
				ALWAYS_EMBED_SWIFT_STANDARD_LIBRARIES = YES;
				BUNDLE_LOADER = "$(TEST_HOST)";
				DEVELOPMENT_TEAM = 785WJQ47KY;
				INFOPLIST_FILE = TestApplicationTests/Info.plist;
				LD_RUNPATH_SEARCH_PATHS = "$(inherited) @executable_path/Frameworks @loader_path/Frameworks";
				PRODUCT_BUNDLE_IDENTIFIER = holmusk.com.TestApplicationTests;
				PRODUCT_NAME = "$(TARGET_NAME)";
				SWIFT_VERSION = 3.0;
				TEST_HOST = "$(BUILT_PRODUCTS_DIR)/TestApplication.app/TestApplication";
			};
			name = Debug;
		};
		D30371141EF77B2F00A0B518 /* Release */ = {
			isa = XCBuildConfiguration;
			baseConfigurationReference = 28EDCAC8E4F3E97C7E78B70E /* Pods-TestApplicationTests.release.xcconfig */;
			buildSettings = {
				ALWAYS_EMBED_SWIFT_STANDARD_LIBRARIES = YES;
				BUNDLE_LOADER = "$(TEST_HOST)";
				DEVELOPMENT_TEAM = 785WJQ47KY;
				INFOPLIST_FILE = TestApplicationTests/Info.plist;
				LD_RUNPATH_SEARCH_PATHS = "$(inherited) @executable_path/Frameworks @loader_path/Frameworks";
				PRODUCT_BUNDLE_IDENTIFIER = holmusk.com.TestApplicationTests;
				PRODUCT_NAME = "$(TARGET_NAME)";
				SWIFT_VERSION = 3.0;
				TEST_HOST = "$(BUILT_PRODUCTS_DIR)/TestApplication.app/TestApplication";
			};
			name = Release;
		};
		D30371161EF77B2F00A0B518 /* Debug */ = {
			isa = XCBuildConfiguration;
			baseConfigurationReference = 351B80D7F219B8D0495BA756 /* Pods-TestApplicationUITests.debug.xcconfig */;
			buildSettings = {
				ALWAYS_EMBED_SWIFT_STANDARD_LIBRARIES = YES;
				DEVELOPMENT_TEAM = 785WJQ47KY;
				INFOPLIST_FILE = TestApplicationUITests/Info.plist;
				LD_RUNPATH_SEARCH_PATHS = "$(inherited) @executable_path/Frameworks @loader_path/Frameworks";
				PRODUCT_BUNDLE_IDENTIFIER = holmusk.com.TestApplicationUITests;
				PRODUCT_NAME = "$(TARGET_NAME)";
				SWIFT_VERSION = 3.0;
				TEST_TARGET_NAME = TestApplication;
			};
			name = Debug;
		};
		D30371171EF77B2F00A0B518 /* Release */ = {
			isa = XCBuildConfiguration;
			baseConfigurationReference = 779D2ED7648DF6EA5CDC8B39 /* Pods-TestApplicationUITests.release.xcconfig */;
			buildSettings = {
				ALWAYS_EMBED_SWIFT_STANDARD_LIBRARIES = YES;
				DEVELOPMENT_TEAM = 785WJQ47KY;
				INFOPLIST_FILE = TestApplicationUITests/Info.plist;
				LD_RUNPATH_SEARCH_PATHS = "$(inherited) @executable_path/Frameworks @loader_path/Frameworks";
				PRODUCT_BUNDLE_IDENTIFIER = holmusk.com.TestApplicationUITests;
				PRODUCT_NAME = "$(TARGET_NAME)";
				SWIFT_VERSION = 3.0;
				TEST_TARGET_NAME = TestApplication;
			};
			name = Release;
		};
/* End XCBuildConfiguration section */

/* Begin XCConfigurationList section */
		D30370E21EF77B2F00A0B518 /* Build configuration list for PBXProject "TestApplication" */ = {
			isa = XCConfigurationList;
			buildConfigurations = (
				D303710D1EF77B2F00A0B518 /* Debug */,
				D303710E1EF77B2F00A0B518 /* Release */,
			);
			defaultConfigurationIsVisible = 0;
			defaultConfigurationName = Release;
		};
		D303710F1EF77B2F00A0B518 /* Build configuration list for PBXNativeTarget "TestApplication" */ = {
			isa = XCConfigurationList;
			buildConfigurations = (
				D30371101EF77B2F00A0B518 /* Debug */,
				D30371111EF77B2F00A0B518 /* Release */,
			);
			defaultConfigurationIsVisible = 0;
			defaultConfigurationName = Release;
		};
		D30371121EF77B2F00A0B518 /* Build configuration list for PBXNativeTarget "TestApplicationTests" */ = {
			isa = XCConfigurationList;
			buildConfigurations = (
				D30371131EF77B2F00A0B518 /* Debug */,
				D30371141EF77B2F00A0B518 /* Release */,
			);
			defaultConfigurationIsVisible = 0;
			defaultConfigurationName = Release;
		};
		D30371151EF77B2F00A0B518 /* Build configuration list for PBXNativeTarget "TestApplicationUITests" */ = {
			isa = XCConfigurationList;
			buildConfigurations = (
				D30371161EF77B2F00A0B518 /* Debug */,
				D30371171EF77B2F00A0B518 /* Release */,
			);
			defaultConfigurationIsVisible = 0;
			defaultConfigurationName = Release;
		};
/* End XCConfigurationList section */
	};
	rootObject = D30370DF1EF77B2F00A0B518 /* Project object */;
}
